
Microsoft Visual Studio Solution File, Format Version 12.00
# Visual Studio Version 16
VisualStudioVersion = 16.0.31205.134
MinimumVisualStudioVersion = 10.0.40219.1
Project("{9A19103F-16F7-4668-BE54-9A1E7A4F7556}") = "InaGeo.Domain", "InaGeo.Domain\InaGeo.Domain.csproj", "{9223EA09-6431-42D6-A580-8C55FC525EB7}"
EndProject
Project("{2150E333-8FDC-42A3-9474-1A3956D46DE8}") = "Src", "Src", "{1C0024D0-80AB-47E0-848C-FD53B9AA3648}"
EndProject
Project("{2150E333-8FDC-42A3-9474-1A3956D46DE8}") = "test", "test", "{69F25C82-EE36-4577-AB6C-3608971EBB64}"
EndProject
Project("{2150E333-8FDC-42A3-9474-1A3956D46DE8}") = "Core", "Core", "{87E9B8E2-8497-4379-9F35-DF5AC7EEFF02}"
EndProject
Project("{2150E333-8FDC-42A3-9474-1A3956D46DE8}") = "Infrastructure", "Infrastructure", "{7B6CE487-B909-4605-9E2F-060F18CFDF4B}"
EndProject
Project("{2150E333-8FDC-42A3-9474-1A3956D46DE8}") = "UI", "UI", "{2096800F-319A-4B37-9029-0D096F531B24}"
EndProject
Project("{2150E333-8FDC-42A3-9474-1A3956D46DE8}") = "API", "API", "{B83A34EF-0DD7-4467-B65C-7C40D1BCD106}"
EndProject
Project("{FAE04EC0-301F-11D3-BF4B-00C04F79EFBC}") = "InaGeo.Application", "InaGeo.Application\InaGeo.Application.csproj", "{70014441-BB94-46AC-BDE1-70F9366D7F2B}"
EndProject
Global
	GlobalSection(SolutionConfigurationPlatforms) = preSolution
		Debug|Any CPU = Debug|Any CPU
		Release|Any CPU = Release|Any CPU
	EndGlobalSection
	GlobalSection(ProjectConfigurationPlatforms) = postSolution
		{9223EA09-6431-42D6-A580-8C55FC525EB7}.Debug|Any CPU.ActiveCfg = Debug|Any CPU
		{9223EA09-6431-42D6-A580-8C55FC525EB7}.Debug|Any CPU.Build.0 = Debug|Any CPU
		{9223EA09-6431-42D6-A580-8C55FC525EB7}.Release|Any CPU.ActiveCfg = Release|Any CPU
		{9223EA09-6431-42D6-A580-8C55FC525EB7}.Release|Any CPU.Build.0 = Release|Any CPU
		{70014441-BB94-46AC-BDE1-70F9366D7F2B}.Debug|Any CPU.ActiveCfg = Debug|Any CPU
		{70014441-BB94-46AC-BDE1-70F9366D7F2B}.Debug|Any CPU.Build.0 = Debug|Any CPU
		{70014441-BB94-46AC-BDE1-70F9366D7F2B}.Release|Any CPU.ActiveCfg = Release|Any CPU
		{70014441-BB94-46AC-BDE1-70F9366D7F2B}.Release|Any CPU.Build.0 = Release|Any CPU
	EndGlobalSection
	GlobalSection(SolutionProperties) = preSolution
		HideSolutionNode = FALSE
	EndGlobalSection
	GlobalSection(NestedProjects) = preSolution
		{9223EA09-6431-42D6-A580-8C55FC525EB7} = {87E9B8E2-8497-4379-9F35-DF5AC7EEFF02}
		{87E9B8E2-8497-4379-9F35-DF5AC7EEFF02} = {1C0024D0-80AB-47E0-848C-FD53B9AA3648}
		{7B6CE487-B909-4605-9E2F-060F18CFDF4B} = {1C0024D0-80AB-47E0-848C-FD53B9AA3648}
		{2096800F-319A-4B37-9029-0D096F531B24} = {1C0024D0-80AB-47E0-848C-FD53B9AA3648}
		{B83A34EF-0DD7-4467-B65C-7C40D1BCD106} = {1C0024D0-80AB-47E0-848C-FD53B9AA3648}
		{70014441-BB94-46AC-BDE1-70F9366D7F2B} = {87E9B8E2-8497-4379-9F35-DF5AC7EEFF02}
	EndGlobalSection
	GlobalSection(ExtensibilityGlobals) = postSolution
		SolutionGuid = {24BD54BB-423C-45EC-B542-E33678A32726}
	EndGlobalSection
EndGlobal
